// !$*UTF8*$!
{
	archiveVersion = 1;
	classes = {
	};
	objectVersion = 46;
	objects = {

/* Begin PBXBuildFile section */
		9821C7701C4E10FF00FE9080 /* Images.xcassets in Resources */ = {isa = PBXBuildFile; fileRef = 9821C76F1C4E10FF00FE9080 /* Images.xcassets */; };
		982F0C6A1C4E2D4600593946 /* ZEServerEngine.m in Sources */ = {isa = PBXBuildFile; fileRef = 982F0C691C4E2D4600593946 /* ZEServerEngine.m */; };
		989B2C481C4DE7AA00F14EFA /* main.m in Sources */ = {isa = PBXBuildFile; fileRef = 989B2C471C4DE7AA00F14EFA /* main.m */; };
		989B2C4B1C4DE7AA00F14EFA /* ZEAppDelegate.m in Sources */ = {isa = PBXBuildFile; fileRef = 989B2C4A1C4DE7AA00F14EFA /* ZEAppDelegate.m */; };
		989B2C531C4DE7AA00F14EFA /* Assets.xcassets in Resources */ = {isa = PBXBuildFile; fileRef = 989B2C521C4DE7AA00F14EFA /* Assets.xcassets */; };
		989B2C611C4DE7AA00F14EFA /* NewCenturyTests.m in Sources */ = {isa = PBXBuildFile; fileRef = 989B2C601C4DE7AA00F14EFA /* NewCenturyTests.m */; };
		989B2C6C1C4DE7AA00F14EFA /* NewCenturyUITests.m in Sources */ = {isa = PBXBuildFile; fileRef = 989B2C6B1C4DE7AA00F14EFA /* NewCenturyUITests.m */; };
		98DB7C501C4F4FA70046D405 /* ZEUtil.m in Sources */ = {isa = PBXBuildFile; fileRef = 98DB7C4F1C4F4FA70046D405 /* ZEUtil.m */; };
		98DB7C531C4F52050046D405 /* UIImage+ZEImage.m in Sources */ = {isa = PBXBuildFile; fileRef = 98DB7C521C4F52050046D405 /* UIImage+ZEImage.m */; };
		98DB7C561C4F53EA0046D405 /* ZEMainViewController.m in Sources */ = {isa = PBXBuildFile; fileRef = 98DB7C551C4F53EA0046D405 /* ZEMainViewController.m */; };
		98DB7C591C4F554E0046D405 /* Main.storyboard in Resources */ = {isa = PBXBuildFile; fileRef = 98DB7C571C4F554E0046D405 /* Main.storyboard */; };
		98DB7C621C4F56470046D405 /* ZEUserServer.m in Sources */ = {isa = PBXBuildFile; fileRef = 98DB7C611C4F56470046D405 /* ZEUserServer.m */; };
		A828955B7420714F2D89D798 /* libPods.a in Frameworks */ = {isa = PBXBuildFile; fileRef = E105A2397763081EFD8784C9 /* libPods.a */; };
/* End PBXBuildFile section */

/* Begin PBXContainerItemProxy section */
		989B2C5D1C4DE7AA00F14EFA /* PBXContainerItemProxy */ = {
			isa = PBXContainerItemProxy;
			containerPortal = 989B2C3B1C4DE7A900F14EFA /* Project object */;
			proxyType = 1;
			remoteGlobalIDString = 989B2C421C4DE7AA00F14EFA;
			remoteInfo = NewCentury;
		};
		989B2C681C4DE7AA00F14EFA /* PBXContainerItemProxy */ = {
			isa = PBXContainerItemProxy;
			containerPortal = 989B2C3B1C4DE7A900F14EFA /* Project object */;
			proxyType = 1;
			remoteGlobalIDString = 989B2C421C4DE7AA00F14EFA;
			remoteInfo = NewCentury;
		};
/* End PBXContainerItemProxy section */

/* Begin PBXFileReference section */
		63FC90F96158DCD8066473CD /* Pods.release.xcconfig */ = {isa = PBXFileReference; includeInIndex = 1; lastKnownFileType = text.xcconfig; name = Pods.release.xcconfig; path = "Pods/Target Support Files/Pods/Pods.release.xcconfig"; sourceTree = "<group>"; };
		806A7047C4B13286A220D3B0 /* Pods.debug.xcconfig */ = {isa = PBXFileReference; includeInIndex = 1; lastKnownFileType = text.xcconfig; name = Pods.debug.xcconfig; path = "Pods/Target Support Files/Pods/Pods.debug.xcconfig"; sourceTree = "<group>"; };
		9821C76F1C4E10FF00FE9080 /* Images.xcassets */ = {isa = PBXFileReference; lastKnownFileType = folder.assetcatalog; path = Images.xcassets; sourceTree = "<group>"; };
		982F0C681C4E2D4600593946 /* ZEServerEngine.h */ = {isa = PBXFileReference; fileEncoding = 4; lastKnownFileType = sourcecode.c.h; name = ZEServerEngine.h; path = Service/ZEServerEngine.h; sourceTree = "<group>"; };
		982F0C691C4E2D4600593946 /* ZEServerEngine.m */ = {isa = PBXFileReference; fileEncoding = 4; lastKnownFileType = sourcecode.c.objc; name = ZEServerEngine.m; path = Service/ZEServerEngine.m; sourceTree = "<group>"; };
		989B2C431C4DE7AA00F14EFA /* NewCentury.app */ = {isa = PBXFileReference; explicitFileType = wrapper.application; includeInIndex = 0; path = NewCentury.app; sourceTree = BUILT_PRODUCTS_DIR; };
		989B2C471C4DE7AA00F14EFA /* main.m */ = {isa = PBXFileReference; lastKnownFileType = sourcecode.c.objc; path = main.m; sourceTree = "<group>"; };
		989B2C491C4DE7AA00F14EFA /* ZEAppDelegate.h */ = {isa = PBXFileReference; lastKnownFileType = sourcecode.c.h; path = ZEAppDelegate.h; sourceTree = "<group>"; };
		989B2C4A1C4DE7AA00F14EFA /* ZEAppDelegate.m */ = {isa = PBXFileReference; lastKnownFileType = sourcecode.c.objc; path = ZEAppDelegate.m; sourceTree = "<group>"; };
		989B2C521C4DE7AA00F14EFA /* Assets.xcassets */ = {isa = PBXFileReference; lastKnownFileType = folder.assetcatalog; path = Assets.xcassets; sourceTree = "<group>"; };
		989B2C571C4DE7AA00F14EFA /* Info.plist */ = {isa = PBXFileReference; lastKnownFileType = text.plist.xml; path = Info.plist; sourceTree = "<group>"; };
		989B2C5C1C4DE7AA00F14EFA /* NewCenturyTests.xctest */ = {isa = PBXFileReference; explicitFileType = wrapper.cfbundle; includeInIndex = 0; path = NewCenturyTests.xctest; sourceTree = BUILT_PRODUCTS_DIR; };
		989B2C601C4DE7AA00F14EFA /* NewCenturyTests.m */ = {isa = PBXFileReference; lastKnownFileType = sourcecode.c.objc; path = NewCenturyTests.m; sourceTree = "<group>"; };
		989B2C621C4DE7AA00F14EFA /* Info.plist */ = {isa = PBXFileReference; lastKnownFileType = text.plist.xml; path = Info.plist; sourceTree = "<group>"; };
		989B2C671C4DE7AA00F14EFA /* NewCenturyUITests.xctest */ = {isa = PBXFileReference; explicitFileType = wrapper.cfbundle; includeInIndex = 0; path = NewCenturyUITests.xctest; sourceTree = BUILT_PRODUCTS_DIR; };
		989B2C6B1C4DE7AA00F14EFA /* NewCenturyUITests.m */ = {isa = PBXFileReference; lastKnownFileType = sourcecode.c.objc; path = NewCenturyUITests.m; sourceTree = "<group>"; };
		989B2C6D1C4DE7AA00F14EFA /* Info.plist */ = {isa = PBXFileReference; lastKnownFileType = text.plist.xml; path = Info.plist; sourceTree = "<group>"; };
		98DB7C451C4F323A0046D405 /* ZEColorConstant.h */ = {isa = PBXFileReference; fileEncoding = 4; lastKnownFileType = sourcecode.c.h; name = ZEColorConstant.h; path = Constant/ZEColorConstant.h; sourceTree = "<group>"; };
		98DB7C461C4F323A0046D405 /* ZEEnumConstant.h */ = {isa = PBXFileReference; fileEncoding = 4; lastKnownFileType = sourcecode.c.h; name = ZEEnumConstant.h; path = Constant/ZEEnumConstant.h; sourceTree = "<group>"; };
		98DB7C471C4F323A0046D405 /* ZEMarcoConstant.h */ = {isa = PBXFileReference; fileEncoding = 4; lastKnownFileType = sourcecode.c.h; name = ZEMarcoConstant.h; path = Constant/ZEMarcoConstant.h; sourceTree = "<group>"; };
		98DB7C491C4F34CF0046D405 /* PrefixHeader.pch */ = {isa = PBXFileReference; fileEncoding = 4; lastKnownFileType = sourcecode.c.h; path = PrefixHeader.pch; sourceTree = "<group>"; };
		98DB7C4E1C4F4FA70046D405 /* ZEUtil.h */ = {isa = PBXFileReference; fileEncoding = 4; lastKnownFileType = sourcecode.c.h; name = ZEUtil.h; path = CommonUtil/ZEUtil.h; sourceTree = "<group>"; };
		98DB7C4F1C4F4FA70046D405 /* ZEUtil.m */ = {isa = PBXFileReference; fileEncoding = 4; lastKnownFileType = sourcecode.c.objc; name = ZEUtil.m; path = CommonUtil/ZEUtil.m; sourceTree = "<group>"; };
		98DB7C511C4F52050046D405 /* UIImage+ZEImage.h */ = {isa = PBXFileReference; fileEncoding = 4; lastKnownFileType = sourcecode.c.h; name = "UIImage+ZEImage.h"; path = "CommonUtil/UIImage+ZEImage.h"; sourceTree = "<group>"; };
		98DB7C521C4F52050046D405 /* UIImage+ZEImage.m */ = {isa = PBXFileReference; fileEncoding = 4; lastKnownFileType = sourcecode.c.objc; name = "UIImage+ZEImage.m"; path = "CommonUtil/UIImage+ZEImage.m"; sourceTree = "<group>"; };
		98DB7C541C4F53EA0046D405 /* ZEMainViewController.h */ = {isa = PBXFileReference; fileEncoding = 4; lastKnownFileType = sourcecode.c.h; path = ZEMainViewController.h; sourceTree = "<group>"; };
		98DB7C551C4F53EA0046D405 /* ZEMainViewController.m */ = {isa = PBXFileReference; fileEncoding = 4; lastKnownFileType = sourcecode.c.objc; path = ZEMainViewController.m; sourceTree = "<group>"; };
		98DB7C581C4F554E0046D405 /* Base */ = {isa = PBXFileReference; lastKnownFileType = file.storyboard; name = Base; path = Base.lproj/Main.storyboard; sourceTree = "<group>"; };
		98DB7C601C4F56470046D405 /* ZEUserServer.h */ = {isa = PBXFileReference; fileEncoding = 4; lastKnownFileType = sourcecode.c.h; name = ZEUserServer.h; path = Service/ZEUserServer.h; sourceTree = "<group>"; };
		98DB7C611C4F56470046D405 /* ZEUserServer.m */ = {isa = PBXFileReference; fileEncoding = 4; lastKnownFileType = sourcecode.c.objc; name = ZEUserServer.m; path = Service/ZEUserServer.m; sourceTree = "<group>"; };
		E105A2397763081EFD8784C9 /* libPods.a */ = {isa = PBXFileReference; explicitFileType = archive.ar; includeInIndex = 0; path = libPods.a; sourceTree = BUILT_PRODUCTS_DIR; };
/* End PBXFileReference section */

/* Begin PBXFrameworksBuildPhase section */
		989B2C401C4DE7AA00F14EFA /* Frameworks */ = {
			isa = PBXFrameworksBuildPhase;
			buildActionMask = 2147483647;
			files = (
				A828955B7420714F2D89D798 /* libPods.a in Frameworks */,
			);
			runOnlyForDeploymentPostprocessing = 0;
		};
		989B2C591C4DE7AA00F14EFA /* Frameworks */ = {
			isa = PBXFrameworksBuildPhase;
			buildActionMask = 2147483647;
			files = (
			);
			runOnlyForDeploymentPostprocessing = 0;
		};
		989B2C641C4DE7AA00F14EFA /* Frameworks */ = {
			isa = PBXFrameworksBuildPhase;
			buildActionMask = 2147483647;
			files = (
			);
			runOnlyForDeploymentPostprocessing = 0;
		};
/* End PBXFrameworksBuildPhase section */

/* Begin PBXGroup section */
		4228FB72F762E3664B194934 /* Frameworks */ = {
			isa = PBXGroup;
			children = (
				E105A2397763081EFD8784C9 /* libPods.a */,
			);
			name = Frameworks;
			sourceTree = "<group>";
		};
		982F0C671C4E2C5F00593946 /* Service */ = {
			isa = PBXGroup;
			children = (
				982F0C681C4E2D4600593946 /* ZEServerEngine.h */,
				982F0C691C4E2D4600593946 /* ZEServerEngine.m */,
				98DB7C601C4F56470046D405 /* ZEUserServer.h */,
				98DB7C611C4F56470046D405 /* ZEUserServer.m */,
			);
			name = Service;
			sourceTree = "<group>";
		};
		989B2C3A1C4DE7A900F14EFA = {
			isa = PBXGroup;
			children = (
				989B2C451C4DE7AA00F14EFA /* NewCentury */,
				989B2C5F1C4DE7AA00F14EFA /* NewCenturyTests */,
				989B2C6A1C4DE7AA00F14EFA /* NewCenturyUITests */,
				989B2C441C4DE7AA00F14EFA /* Products */,
				D0FADC476AB78279A909DD65 /* Pods */,
				4228FB72F762E3664B194934 /* Frameworks */,
			);
			sourceTree = "<group>";
		};
		989B2C441C4DE7AA00F14EFA /* Products */ = {
			isa = PBXGroup;
			children = (
				989B2C431C4DE7AA00F14EFA /* NewCentury.app */,
				989B2C5C1C4DE7AA00F14EFA /* NewCenturyTests.xctest */,
				989B2C671C4DE7AA00F14EFA /* NewCenturyUITests.xctest */,
			);
			name = Products;
			sourceTree = "<group>";
		};
		989B2C451C4DE7AA00F14EFA /* NewCentury */ = {
			isa = PBXGroup;
			children = (
				989B2C491C4DE7AA00F14EFA /* ZEAppDelegate.h */,
				989B2C4A1C4DE7AA00F14EFA /* ZEAppDelegate.m */,
				98DB7C541C4F53EA0046D405 /* ZEMainViewController.h */,
				98DB7C551C4F53EA0046D405 /* ZEMainViewController.m */,
				98DB7C4A1C4F4F360046D405 /* CommonUtil */,
				98DB7C3D1C4F2F490046D405 /* Constant */,
				982F0C671C4E2C5F00593946 /* Service */,
				989B2C521C4DE7AA00F14EFA /* Assets.xcassets */,
				989B2C571C4DE7AA00F14EFA /* Info.plist */,
				9821C76F1C4E10FF00FE9080 /* Images.xcassets */,
				989B2C461C4DE7AA00F14EFA /* Supporting Files */,
			);
			path = NewCentury;
			sourceTree = "<group>";
		};
		989B2C461C4DE7AA00F14EFA /* Supporting Files */ = {
			isa = PBXGroup;
			children = (
				98DB7C571C4F554E0046D405 /* Main.storyboard */,
				989B2C471C4DE7AA00F14EFA /* main.m */,
				98DB7C491C4F34CF0046D405 /* PrefixHeader.pch */,
			);
			name = "Supporting Files";
			sourceTree = "<group>";
		};
		989B2C5F1C4DE7AA00F14EFA /* NewCenturyTests */ = {
			isa = PBXGroup;
			children = (
				989B2C601C4DE7AA00F14EFA /* NewCenturyTests.m */,
				989B2C621C4DE7AA00F14EFA /* Info.plist */,
			);
			path = NewCenturyTests;
			sourceTree = "<group>";
		};
		989B2C6A1C4DE7AA00F14EFA /* NewCenturyUITests */ = {
			isa = PBXGroup;
			children = (
				989B2C6B1C4DE7AA00F14EFA /* NewCenturyUITests.m */,
				989B2C6D1C4DE7AA00F14EFA /* Info.plist */,
			);
			path = NewCenturyUITests;
			sourceTree = "<group>";
		};
		98DB7C3D1C4F2F490046D405 /* Constant */ = {
			isa = PBXGroup;
			children = (
				98DB7C471C4F323A0046D405 /* ZEMarcoConstant.h */,
				98DB7C451C4F323A0046D405 /* ZEColorConstant.h */,
				98DB7C461C4F323A0046D405 /* ZEEnumConstant.h */,
			);
			name = Constant;
			sourceTree = "<group>";
		};
		98DB7C4A1C4F4F360046D405 /* CommonUtil */ = {
			isa = PBXGroup;
			children = (
				98DB7C4E1C4F4FA70046D405 /* ZEUtil.h */,
				98DB7C4F1C4F4FA70046D405 /* ZEUtil.m */,
				98DB7C511C4F52050046D405 /* UIImage+ZEImage.h */,
				98DB7C521C4F52050046D405 /* UIImage+ZEImage.m */,
			);
			name = CommonUtil;
			sourceTree = "<group>";
		};
		D0FADC476AB78279A909DD65 /* Pods */ = {
			isa = PBXGroup;
			children = (
				806A7047C4B13286A220D3B0 /* Pods.debug.xcconfig */,
				63FC90F96158DCD8066473CD /* Pods.release.xcconfig */,
			);
			name = Pods;
			sourceTree = "<group>";
		};
/* End PBXGroup section */

/* Begin PBXNativeTarget section */
		989B2C421C4DE7AA00F14EFA /* NewCentury */ = {
			isa = PBXNativeTarget;
			buildConfigurationList = 989B2C701C4DE7AA00F14EFA /* Build configuration list for PBXNativeTarget "NewCentury" */;
			buildPhases = (
				43257F8FE9C830A0D7925704 /* Check Pods Manifest.lock */,
				989B2C3F1C4DE7AA00F14EFA /* Sources */,
				989B2C401C4DE7AA00F14EFA /* Frameworks */,
				989B2C411C4DE7AA00F14EFA /* Resources */,
				B913A47A96A649941EE58401 /* Embed Pods Frameworks */,
				63B809BF60686D50F60AE713 /* Copy Pods Resources */,
			);
			buildRules = (
			);
			dependencies = (
			);
			name = NewCentury;
			productName = NewCentury;
			productReference = 989B2C431C4DE7AA00F14EFA /* NewCentury.app */;
			productType = "com.apple.product-type.application";
		};
		989B2C5B1C4DE7AA00F14EFA /* NewCenturyTests */ = {
			isa = PBXNativeTarget;
			buildConfigurationList = 989B2C731C4DE7AA00F14EFA /* Build configuration list for PBXNativeTarget "NewCenturyTests" */;
			buildPhases = (
				989B2C581C4DE7AA00F14EFA /* Sources */,
				989B2C591C4DE7AA00F14EFA /* Frameworks */,
				989B2C5A1C4DE7AA00F14EFA /* Resources */,
			);
			buildRules = (
			);
			dependencies = (
				989B2C5E1C4DE7AA00F14EFA /* PBXTargetDependency */,
			);
			name = NewCenturyTests;
			productName = NewCenturyTests;
			productReference = 989B2C5C1C4DE7AA00F14EFA /* NewCenturyTests.xctest */;
			productType = "com.apple.product-type.bundle.unit-test";
		};
		989B2C661C4DE7AA00F14EFA /* NewCenturyUITests */ = {
			isa = PBXNativeTarget;
			buildConfigurationList = 989B2C761C4DE7AA00F14EFA /* Build configuration list for PBXNativeTarget "NewCenturyUITests" */;
			buildPhases = (
				989B2C631C4DE7AA00F14EFA /* Sources */,
				989B2C641C4DE7AA00F14EFA /* Frameworks */,
				989B2C651C4DE7AA00F14EFA /* Resources */,
			);
			buildRules = (
			);
			dependencies = (
				989B2C691C4DE7AA00F14EFA /* PBXTargetDependency */,
			);
			name = NewCenturyUITests;
			productName = NewCenturyUITests;
			productReference = 989B2C671C4DE7AA00F14EFA /* NewCenturyUITests.xctest */;
			productType = "com.apple.product-type.bundle.ui-testing";
		};
/* End PBXNativeTarget section */

/* Begin PBXProject section */
		989B2C3B1C4DE7A900F14EFA /* Project object */ = {
			isa = PBXProject;
			attributes = {
				LastUpgradeCheck = 0720;
				ORGANIZATIONNAME = Stenson;
				TargetAttributes = {
					989B2C421C4DE7AA00F14EFA = {
						CreatedOnToolsVersion = 7.2;
					};
					989B2C5B1C4DE7AA00F14EFA = {
						CreatedOnToolsVersion = 7.2;
						TestTargetID = 989B2C421C4DE7AA00F14EFA;
					};
					989B2C661C4DE7AA00F14EFA = {
						CreatedOnToolsVersion = 7.2;
						TestTargetID = 989B2C421C4DE7AA00F14EFA;
					};
				};
			};
			buildConfigurationList = 989B2C3E1C4DE7A900F14EFA /* Build configuration list for PBXProject "NewCentury" */;
			compatibilityVersion = "Xcode 3.2";
			developmentRegion = English;
			hasScannedForEncodings = 0;
			knownRegions = (
				en,
				Base,
			);
			mainGroup = 989B2C3A1C4DE7A900F14EFA;
			productRefGroup = 989B2C441C4DE7AA00F14EFA /* Products */;
			projectDirPath = "";
			projectRoot = "";
			targets = (
				989B2C421C4DE7AA00F14EFA /* NewCentury */,
				989B2C5B1C4DE7AA00F14EFA /* NewCenturyTests */,
				989B2C661C4DE7AA00F14EFA /* NewCenturyUITests */,
			);
		};
/* End PBXProject section */

/* Begin PBXResourcesBuildPhase section */
		989B2C411C4DE7AA00F14EFA /* Resources */ = {
			isa = PBXResourcesBuildPhase;
			buildActionMask = 2147483647;
			files = (
				98DB7C591C4F554E0046D405 /* Main.storyboard in Resources */,
				9821C7701C4E10FF00FE9080 /* Images.xcassets in Resources */,
				989B2C531C4DE7AA00F14EFA /* Assets.xcassets in Resources */,
			);
			runOnlyForDeploymentPostprocessing = 0;
		};
		989B2C5A1C4DE7AA00F14EFA /* Resources */ = {
			isa = PBXResourcesBuildPhase;
			buildActionMask = 2147483647;
			files = (
			);
			runOnlyForDeploymentPostprocessing = 0;
		};
		989B2C651C4DE7AA00F14EFA /* Resources */ = {
			isa = PBXResourcesBuildPhase;
			buildActionMask = 2147483647;
			files = (
			);
			runOnlyForDeploymentPostprocessing = 0;
		};
/* End PBXResourcesBuildPhase section */

/* Begin PBXShellScriptBuildPhase section */
		43257F8FE9C830A0D7925704 /* Check Pods Manifest.lock */ = {
			isa = PBXShellScriptBuildPhase;
			buildActionMask = 2147483647;
			files = (
			);
			inputPaths = (
			);
			name = "Check Pods Manifest.lock";
			outputPaths = (
			);
			runOnlyForDeploymentPostprocessing = 0;
			shellPath = /bin/sh;
			shellScript = "diff \"${PODS_ROOT}/../Podfile.lock\" \"${PODS_ROOT}/Manifest.lock\" > /dev/null\nif [[ $? != 0 ]] ; then\n    cat << EOM\nerror: The sandbox is not in sync with the Podfile.lock. Run 'pod install' or update your CocoaPods installation.\nEOM\n    exit 1\nfi\n";
			showEnvVarsInLog = 0;
		};
		63B809BF60686D50F60AE713 /* Copy Pods Resources */ = {
			isa = PBXShellScriptBuildPhase;
			buildActionMask = 2147483647;
			files = (
			);
			inputPaths = (
			);
			name = "Copy Pods Resources";
			outputPaths = (
			);
			runOnlyForDeploymentPostprocessing = 0;
			shellPath = /bin/sh;
			shellScript = "\"${SRCROOT}/Pods/Target Support Files/Pods/Pods-resources.sh\"\n";
			showEnvVarsInLog = 0;
		};
		B913A47A96A649941EE58401 /* Embed Pods Frameworks */ = {
			isa = PBXShellScriptBuildPhase;
			buildActionMask = 2147483647;
			files = (
			);
			inputPaths = (
			);
			name = "Embed Pods Frameworks";
			outputPaths = (
			);
			runOnlyForDeploymentPostprocessing = 0;
			shellPath = /bin/sh;
			shellScript = "\"${SRCROOT}/Pods/Target Support Files/Pods/Pods-frameworks.sh\"\n";
			showEnvVarsInLog = 0;
		};
/* End PBXShellScriptBuildPhase section */

/* Begin PBXSourcesBuildPhase section */
		989B2C3F1C4DE7AA00F14EFA /* Sources */ = {
			isa = PBXSourcesBuildPhase;
			buildActionMask = 2147483647;
			files = (
				98DB7C501C4F4FA70046D405 /* ZEUtil.m in Sources */,
				989B2C4B1C4DE7AA00F14EFA /* ZEAppDelegate.m in Sources */,
				989B2C481C4DE7AA00F14EFA /* main.m in Sources */,
				982F0C6A1C4E2D4600593946 /* ZEServerEngine.m in Sources */,
				98DB7C561C4F53EA0046D405 /* ZEMainViewController.m in Sources */,
				98DB7C621C4F56470046D405 /* ZEUserServer.m in Sources */,
				98DB7C531C4F52050046D405 /* UIImage+ZEImage.m in Sources */,
			);
			runOnlyForDeploymentPostprocessing = 0;
		};
		989B2C581C4DE7AA00F14EFA /* Sources */ = {
			isa = PBXSourcesBuildPhase;
			buildActionMask = 2147483647;
			files = (
				989B2C611C4DE7AA00F14EFA /* NewCenturyTests.m in Sources */,
			);
			runOnlyForDeploymentPostprocessing = 0;
		};
		989B2C631C4DE7AA00F14EFA /* Sources */ = {
			isa = PBXSourcesBuildPhase;
			buildActionMask = 2147483647;
			files = (
				989B2C6C1C4DE7AA00F14EFA /* NewCenturyUITests.m in Sources */,
			);
			runOnlyForDeploymentPostprocessing = 0;
		};
/* End PBXSourcesBuildPhase section */

/* Begin PBXTargetDependency section */
		989B2C5E1C4DE7AA00F14EFA /* PBXTargetDependency */ = {
			isa = PBXTargetDependency;
			target = 989B2C421C4DE7AA00F14EFA /* NewCentury */;
			targetProxy = 989B2C5D1C4DE7AA00F14EFA /* PBXContainerItemProxy */;
		};
		989B2C691C4DE7AA00F14EFA /* PBXTargetDependency */ = {
			isa = PBXTargetDependency;
			target = 989B2C421C4DE7AA00F14EFA /* NewCentury */;
			targetProxy = 989B2C681C4DE7AA00F14EFA /* PBXContainerItemProxy */;
		};
/* End PBXTargetDependency section */

/* Begin PBXVariantGroup section */
		98DB7C571C4F554E0046D405 /* Main.storyboard */ = {
			isa = PBXVariantGroup;
			children = (
				98DB7C581C4F554E0046D405 /* Base */,
			);
			name = Main.storyboard;
			sourceTree = "<group>";
		};
/* End PBXVariantGroup section */

/* Begin XCBuildConfiguration section */
		989B2C6E1C4DE7AA00F14EFA /* Debug */ = {
			isa = XCBuildConfiguration;
			buildSettings = {
				ALWAYS_SEARCH_USER_PATHS = NO;
				CLANG_CXX_LANGUAGE_STANDARD = "gnu++0x";
				CLANG_CXX_LIBRARY = "libc++";
				CLANG_ENABLE_MODULES = YES;
				CLANG_ENABLE_OBJC_ARC = YES;
				CLANG_WARN_BOOL_CONVERSION = YES;
				CLANG_WARN_CONSTANT_CONVERSION = YES;
				CLANG_WARN_DIRECT_OBJC_ISA_USAGE = YES_ERROR;
				CLANG_WARN_EMPTY_BODY = YES;
				CLANG_WARN_ENUM_CONVERSION = YES;
				CLANG_WARN_INT_CONVERSION = YES;
				CLANG_WARN_OBJC_ROOT_CLASS = YES_ERROR;
				CLANG_WARN_UNREACHABLE_CODE = YES;
				CLANG_WARN__DUPLICATE_METHOD_MATCH = YES;
				"CODE_SIGN_IDENTITY[sdk=iphoneos*]" = "iPhone Developer";
				COPY_PHASE_STRIP = NO;
				DEBUG_INFORMATION_FORMAT = dwarf;
				ENABLE_STRICT_OBJC_MSGSEND = YES;
				ENABLE_TESTABILITY = YES;
				GCC_C_LANGUAGE_STANDARD = gnu99;
				GCC_DYNAMIC_NO_PIC = NO;
				GCC_NO_COMMON_BLOCKS = YES;
				GCC_OPTIMIZATION_LEVEL = 0;
				GCC_PREPROCESSOR_DEFINITIONS = (
					"DEBUG=1",
					"$(inherited)",
				);
				GCC_WARN_64_TO_32_BIT_CONVERSION = YES;
				GCC_WARN_ABOUT_RETURN_TYPE = YES_ERROR;
				GCC_WARN_UNDECLARED_SELECTOR = YES;
				GCC_WARN_UNINITIALIZED_AUTOS = YES_AGGRESSIVE;
				GCC_WARN_UNUSED_FUNCTION = YES;
				GCC_WARN_UNUSED_VARIABLE = YES;
				IPHONEOS_DEPLOYMENT_TARGET = 7.0;
				MTL_ENABLE_DEBUG_INFO = YES;
				ONLY_ACTIVE_ARCH = YES;
				SDKROOT = iphoneos;
				TARGETED_DEVICE_FAMILY = "1,2";
			};
			name = Debug;
		};
		989B2C6F1C4DE7AA00F14EFA /* Release */ = {
			isa = XCBuildConfiguration;
			buildSettings = {
				ALWAYS_SEARCH_USER_PATHS = NO;
				CLANG_CXX_LANGUAGE_STANDARD = "gnu++0x";
				CLANG_CXX_LIBRARY = "libc++";
				CLANG_ENABLE_MODULES = YES;
				CLANG_ENABLE_OBJC_ARC = YES;
				CLANG_WARN_BOOL_CONVERSION = YES;
				CLANG_WARN_CONSTANT_CONVERSION = YES;
				CLANG_WARN_DIRECT_OBJC_ISA_USAGE = YES_ERROR;
				CLANG_WARN_EMPTY_BODY = YES;
				CLANG_WARN_ENUM_CONVERSION = YES;
				CLANG_WARN_INT_CONVERSION = YES;
				CLANG_WARN_OBJC_ROOT_CLASS = YES_ERROR;
				CLANG_WARN_UNREACHABLE_CODE = YES;
				CLANG_WARN__DUPLICATE_METHOD_MATCH = YES;
				"CODE_SIGN_IDENTITY[sdk=iphoneos*]" = "iPhone Developer";
				COPY_PHASE_STRIP = NO;
				DEBUG_INFORMATION_FORMAT = "dwarf-with-dsym";
				ENABLE_NS_ASSERTIONS = NO;
				ENABLE_STRICT_OBJC_MSGSEND = YES;
				GCC_C_LANGUAGE_STANDARD = gnu99;
				GCC_NO_COMMON_BLOCKS = YES;
				GCC_WARN_64_TO_32_BIT_CONVERSION = YES;
				GCC_WARN_ABOUT_RETURN_TYPE = YES_ERROR;
				GCC_WARN_UNDECLARED_SELECTOR = YES;
				GCC_WARN_UNINITIALIZED_AUTOS = YES_AGGRESSIVE;
				GCC_WARN_UNUSED_FUNCTION = YES;
				GCC_WARN_UNUSED_VARIABLE = YES;
				IPHONEOS_DEPLOYMENT_TARGET = 7.0;
				MTL_ENABLE_DEBUG_INFO = NO;
				SDKROOT = iphoneos;
				TARGETED_DEVICE_FAMILY = "1,2";
				VALIDATE_PRODUCT = YES;
			};
			name = Release;
		};
		989B2C711C4DE7AA00F14EFA /* Debug */ = {
			isa = XCBuildConfiguration;
			baseConfigurationReference = 806A7047C4B13286A220D3B0 /* Pods.debug.xcconfig */;
			buildSettings = {
				ASSETCATALOG_COMPILER_APPICON_NAME = AppIcon;
				ASSETCATALOG_COMPILER_LAUNCHIMAGE_NAME = LaunchImage;
				ENABLE_BITCODE = NO;
				GCC_PRECOMPILE_PREFIX_HEADER = YES;
				GCC_PREFIX_HEADER = "$(PROJECT_DIR)/NewCentury/PrefixHeader.pch";
				INFOPLIST_FILE = NewCentury/Info.plist;
				IPHONEOS_DEPLOYMENT_TARGET = 7.0;
				LD_RUNPATH_SEARCH_PATHS = "$(inherited) @executable_path/Frameworks";
				PRODUCT_BUNDLE_IDENTIFIER = com.newCentury.NewCentury;
				PRODUCT_NAME = "$(TARGET_NAME)";
				SHARED_PRECOMPS_DIR = "";
				WARNING_CFLAGS = "";
				ZENITH_BUNDLEID = com.zenith.app_Debug;
				ZENITH_SERVER = "http://www.weather.com.cn/data/sk/101010100.html";
			};
			name = Debug;
		};
		989B2C721C4DE7AA00F14EFA /* Release */ = {
			isa = XCBuildConfiguration;
			baseConfigurationReference = 63FC90F96158DCD8066473CD /* Pods.release.xcconfig */;
			buildSettings = {
				ASSETCATALOG_COMPILER_APPICON_NAME = AppIcon;
				ASSETCATALOG_COMPILER_LAUNCHIMAGE_NAME = LaunchImage;
				ENABLE_BITCODE = NO;
				GCC_PRECOMPILE_PREFIX_HEADER = YES;
				GCC_PREFIX_HEADER = "$(PROJECT_DIR)/NewCentury/PrefixHeader.pch";
				INFOPLIST_FILE = NewCentury/Info.plist;
				IPHONEOS_DEPLOYMENT_TARGET = 7.0;
				LD_RUNPATH_SEARCH_PATHS = "$(inherited) @executable_path/Frameworks";
				PRODUCT_BUNDLE_IDENTIFIER = com.newCentury.NewCentury;
				PRODUCT_NAME = "$(TARGET_NAME)";
				SHARED_PRECOMPS_DIR = "";
				WARNING_CFLAGS = "";
				ZENITH_BUNDLEID = com.zenith.app_Release;
				ZENITH_SERVER = "http://www.weather.com.cn/data/cityinfo/101010100.html\n";
			};
			name = Release;
		};
		989B2C741C4DE7AA00F14EFA /* Debug */ = {
			isa = XCBuildConfiguration;
			buildSettings = {
				BUNDLE_LOADER = "$(TEST_HOST)";
				INFOPLIST_FILE = NewCenturyTests/Info.plist;
				LD_RUNPATH_SEARCH_PATHS = "$(inherited) @executable_path/Frameworks @loader_path/Frameworks";
				PRODUCT_BUNDLE_IDENTIFIER = com.newCentury.NewCenturyTests;
				PRODUCT_NAME = "$(TARGET_NAME)";
				TEST_HOST = "$(BUILT_PRODUCTS_DIR)/NewCentury.app/NewCentury";
			};
			name = Debug;
		};
		989B2C751C4DE7AA00F14EFA /* Release */ = {
			isa = XCBuildConfiguration;
			buildSettings = {
				BUNDLE_LOADER = "$(TEST_HOST)";
				INFOPLIST_FILE = NewCenturyTests/Info.plist;
				LD_RUNPATH_SEARCH_PATHS = "$(inherited) @executable_path/Frameworks @loader_path/Frameworks";
				PRODUCT_BUNDLE_IDENTIFIER = com.newCentury.NewCenturyTests;
				PRODUCT_NAME = "$(TARGET_NAME)";
				TEST_HOST = "$(BUILT_PRODUCTS_DIR)/NewCentury.app/NewCentury";
			};
			name = Release;
		};
		989B2C771C4DE7AA00F14EFA /* Debug */ = {
			isa = XCBuildConfiguration;
			buildSettings = {
				INFOPLIST_FILE = NewCenturyUITests/Info.plist;
				LD_RUNPATH_SEARCH_PATHS = "$(inherited) @executable_path/Frameworks @loader_path/Frameworks";
				PRODUCT_BUNDLE_IDENTIFIER = com.newCentury.NewCenturyUITests;
				PRODUCT_NAME = "$(TARGET_NAME)";
				TEST_TARGET_NAME = NewCentury;
				USES_XCTRUNNER = YES;
			};
			name = Debug;
		};
		989B2C781C4DE7AA00F14EFA /* Release */ = {
			isa = XCBuildConfiguration;
			buildSettings = {
				INFOPLIST_FILE = NewCenturyUITests/Info.plist;
				LD_RUNPATH_SEARCH_PATHS = "$(inherited) @executable_path/Frameworks @loader_path/Frameworks";
				PRODUCT_BUNDLE_IDENTIFIER = com.newCentury.NewCenturyUITests;
				PRODUCT_NAME = "$(TARGET_NAME)";
				TEST_TARGET_NAME = NewCentury;
				USES_XCTRUNNER = YES;
			};
			name = Release;
		};
/* End XCBuildConfiguration section */

/* Begin XCConfigurationList section */
		989B2C3E1C4DE7A900F14EFA /* Build configuration list for PBXProject "NewCentury" */ = {
			isa = XCConfigurationList;
			buildConfigurations = (
				989B2C6E1C4DE7AA00F14EFA /* Debug */,
				989B2C6F1C4DE7AA00F14EFA /* Release */,
			);
			defaultConfigurationIsVisible = 0;
			defaultConfigurationName = Release;
		};
		989B2C701C4DE7AA00F14EFA /* Build configuration list for PBXNativeTarget "NewCentury" */ = {
			isa = XCConfigurationList;
			buildConfigurations = (
				989B2C711C4DE7AA00F14EFA /* Debug */,
				989B2C721C4DE7AA00F14EFA /* Release */,
			);
			defaultConfigurationIsVisible = 0;
			defaultConfigurationName = Release;
		};
		989B2C731C4DE7AA00F14EFA /* Build configuration list for PBXNativeTarget "NewCenturyTests" */ = {
			isa = XCConfigurationList;
			buildConfigurations = (
				989B2C741C4DE7AA00F14EFA /* Debug */,
				989B2C751C4DE7AA00F14EFA /* Release */,
			);
			defaultConfigurationIsVisible = 0;
			defaultConfigurationName = Release;
		};
		989B2C761C4DE7AA00F14EFA /* Build configuration list for PBXNativeTarget "NewCenturyUITests" */ = {
			isa = XCConfigurationList;
			buildConfigurations = (
				989B2C771C4DE7AA00F14EFA /* Debug */,
				989B2C781C4DE7AA00F14EFA /* Release */,
			);
			defaultConfigurationIsVisible = 0;
			defaultConfigurationName = Release;
		};
/* End XCConfigurationList section */
	};
	rootObject = 989B2C3B1C4DE7A900F14EFA /* Project object */;
}
